
Microsoft Visual Studio Solution File, Format Version 12.00
# Visual Studio Version 17
VisualStudioVersion = 17.5.33530.505
MinimumVisualStudioVersion = 10.0.40219.1
Project("{FAE04EC0-301F-11D3-BF4B-00C04F79EFBC}") = "TFTBuddy", "TFTBuddy\TFTBuddy.csproj", "{8D256654-82B7-464B-AD86-3BB5675842AF}"
	ProjectSection(ProjectDependencies) = postProject
		{263ED76E-AB5F-4C8E-9FFE-5AB0917ED400} = {263ED76E-AB5F-4C8E-9FFE-5AB0917ED400}
		{972C24CF-3355-4A48-8029-E3C07F62F3ED} = {972C24CF-3355-4A48-8029-E3C07F62F3ED}
		{B63E6202-F45D-41F8-A892-5C8BE44DD7B5} = {B63E6202-F45D-41F8-A892-5C8BE44DD7B5}
		{BF1D6F90-4846-412B-AEEE-914136363AC0} = {BF1D6F90-4846-412B-AEEE-914136363AC0}
		{D60797BE-F1ED-486C-9A2F-7F79535C5B13} = {D60797BE-F1ED-486C-9A2F-7F79535C5B13}
	EndProjectSection
EndProject
Project("{FAE04EC0-301F-11D3-BF4B-00C04F79EFBC}") = "TFTBuddy.Data", "TFTBuddy.Data\TFTBuddy.Data.csproj", "{B63E6202-F45D-41F8-A892-5C8BE44DD7B5}"
EndProject
Project("{FAE04EC0-301F-11D3-BF4B-00C04F79EFBC}") = "TFTBuddy.UI", "TFTBuddy.UI\TFTBuddy.UI.csproj", "{263ED76E-AB5F-4C8E-9FFE-5AB0917ED400}"
EndProject
Project("{FAE04EC0-301F-11D3-BF4B-00C04F79EFBC}") = "TFTBuddy.ViewModels", "TFTBuddy.ViewModels\TFTBuddy.ViewModels.csproj", "{972C24CF-3355-4A48-8029-E3C07F62F3ED}"
EndProject
Project("{FAE04EC0-301F-11D3-BF4B-00C04F79EFBC}") = "TFTBuddy.Common", "TFTBuddy.Common\TFTBuddy.Common.csproj", "{64D79CEE-3BEA-4873-AA77-FD16FE6AAC67}"
EndProject
Project("{FAE04EC0-301F-11D3-BF4B-00C04F79EFBC}") = "TFTBuddy.Core", "TFTBuddy.Core\TFTBuddy.Core.csproj", "{D60797BE-F1ED-486C-9A2F-7F79535C5B13}"
	ProjectSection(ProjectDependencies) = postProject
		{64D79CEE-3BEA-4873-AA77-FD16FE6AAC67} = {64D79CEE-3BEA-4873-AA77-FD16FE6AAC67}
		{B63E6202-F45D-41F8-A892-5C8BE44DD7B5} = {B63E6202-F45D-41F8-A892-5C8BE44DD7B5}
	EndProjectSection
EndProject
Project("{FAE04EC0-301F-11D3-BF4B-00C04F79EFBC}") = "TFTBuddy.Resources", "TFTBuddy.Resources\TFTBuddy.Resources.csproj", "{D8523F19-EC21-4DE1-A0A3-EE20447F6D39}"
EndProject
Project("{FAE04EC0-301F-11D3-BF4B-00C04F79EFBC}") = "TFTBuddy.Configuration", "TFTBuddy.Configuration\TFTBuddy.Configuration.csproj", "{BF1D6F90-4846-412B-AEEE-914136363AC0}"
EndProject
Global
	GlobalSection(SolutionConfigurationPlatforms) = preSolution
		Debug|Any CPU = Debug|Any CPU
		Release|Any CPU = Release|Any CPU
	EndGlobalSection
	GlobalSection(ProjectConfigurationPlatforms) = postSolution
		{8D256654-82B7-464B-AD86-3BB5675842AF}.Debug|Any CPU.ActiveCfg = Debug|Any CPU
		{8D256654-82B7-464B-AD86-3BB5675842AF}.Debug|Any CPU.Build.0 = Debug|Any CPU
		{8D256654-82B7-464B-AD86-3BB5675842AF}.Release|Any CPU.ActiveCfg = Release|Any CPU
		{8D256654-82B7-464B-AD86-3BB5675842AF}.Release|Any CPU.Build.0 = Release|Any CPU
		{B63E6202-F45D-41F8-A892-5C8BE44DD7B5}.Debug|Any CPU.ActiveCfg = Debug|Any CPU
		{B63E6202-F45D-41F8-A892-5C8BE44DD7B5}.Debug|Any CPU.Build.0 = Debug|Any CPU
		{B63E6202-F45D-41F8-A892-5C8BE44DD7B5}.Release|Any CPU.ActiveCfg = Release|Any CPU
		{B63E6202-F45D-41F8-A892-5C8BE44DD7B5}.Release|Any CPU.Build.0 = Release|Any CPU
		{263ED76E-AB5F-4C8E-9FFE-5AB0917ED400}.Debug|Any CPU.ActiveCfg = Debug|Any CPU
		{263ED76E-AB5F-4C8E-9FFE-5AB0917ED400}.Debug|Any CPU.Build.0 = Debug|Any CPU
		{263ED76E-AB5F-4C8E-9FFE-5AB0917ED400}.Release|Any CPU.ActiveCfg = Release|Any CPU
		{263ED76E-AB5F-4C8E-9FFE-5AB0917ED400}.Release|Any CPU.Build.0 = Release|Any CPU
		{972C24CF-3355-4A48-8029-E3C07F62F3ED}.Debug|Any CPU.ActiveCfg = Debug|Any CPU
		{972C24CF-3355-4A48-8029-E3C07F62F3ED}.Debug|Any CPU.Build.0 = Debug|Any CPU
		{972C24CF-3355-4A48-8029-E3C07F62F3ED}.Release|Any CPU.ActiveCfg = Release|Any CPU
		{972C24CF-3355-4A48-8029-E3C07F62F3ED}.Release|Any CPU.Build.0 = Release|Any CPU
		{64D79CEE-3BEA-4873-AA77-FD16FE6AAC67}.Debug|Any CPU.ActiveCfg = Debug|Any CPU
		{64D79CEE-3BEA-4873-AA77-FD16FE6AAC67}.Debug|Any CPU.Build.0 = Debug|Any CPU
		{64D79CEE-3BEA-4873-AA77-FD16FE6AAC67}.Release|Any CPU.ActiveCfg = Release|Any CPU
		{64D79CEE-3BEA-4873-AA77-FD16FE6AAC67}.Release|Any CPU.Build.0 = Release|Any CPU
		{D60797BE-F1ED-486C-9A2F-7F79535C5B13}.Debug|Any CPU.ActiveCfg = Debug|Any CPU
		{D60797BE-F1ED-486C-9A2F-7F79535C5B13}.Debug|Any CPU.Build.0 = Debug|Any CPU
		{D60797BE-F1ED-486C-9A2F-7F79535C5B13}.Release|Any CPU.ActiveCfg = Release|Any CPU
		{D60797BE-F1ED-486C-9A2F-7F79535C5B13}.Release|Any CPU.Build.0 = Release|Any CPU
		{D8523F19-EC21-4DE1-A0A3-EE20447F6D39}.Debug|Any CPU.ActiveCfg = Debug|Any CPU
		{D8523F19-EC21-4DE1-A0A3-EE20447F6D39}.Debug|Any CPU.Build.0 = Debug|Any CPU
		{D8523F19-EC21-4DE1-A0A3-EE20447F6D39}.Release|Any CPU.ActiveCfg = Release|Any CPU
		{D8523F19-EC21-4DE1-A0A3-EE20447F6D39}.Release|Any CPU.Build.0 = Release|Any CPU
		{BF1D6F90-4846-412B-AEEE-914136363AC0}.Debug|Any CPU.ActiveCfg = Debug|Any CPU
		{BF1D6F90-4846-412B-AEEE-914136363AC0}.Debug|Any CPU.Build.0 = Debug|Any CPU
		{BF1D6F90-4846-412B-AEEE-914136363AC0}.Release|Any CPU.ActiveCfg = Release|Any CPU
		{BF1D6F90-4846-412B-AEEE-914136363AC0}.Release|Any CPU.Build.0 = Release|Any CPU
	EndGlobalSection
	GlobalSection(SolutionProperties) = preSolution
		HideSolutionNode = FALSE
	EndGlobalSection
	GlobalSection(ExtensibilityGlobals) = postSolution
		SolutionGuid = {49F93162-CC37-40F4-B7A2-0B50A6E36A64}
	EndGlobalSection
EndGlobal
